# THIS IS AN AUTOGENERATED FILE. DO NOT EDIT THIS FILE DIRECTLY.
# yarn lockfile v1


"@mdi/font@4.2.95":
  version "4.2.95"
  resolved "https://registry.yarnpkg.com/@mdi/font/-/font-4.2.95.tgz#7fd524746979a37dc7c3fd7a9f9cea1bf58205ba"
  integrity sha512-pCJ9hR8yQH1tMk6KTZYfJsZkI/XQ1rR9Fe/q50ATDDVUoDk7Wl7n9WqT6dYWn0mnCLgrTQl/WNjyrnTo5rKu+A==

"@mdi/js@4.2.95":
  version "4.2.95"
  resolved "https://registry.yarnpkg.com/@mdi/js/-/js-4.2.95.tgz#c920083f64873fe6cd721b15c23061c71d47811d"
  integrity sha512-3qqOZx2HkrQEUc9fr5MiQWlokwmO8TK5bQZ2EP1Rg0q2Q507jy+fUeL8lb9ko2ossYqoPnugIr7jI0/O7uhlrA==
