# THIS IS AN AUTOGENERATED FILE. DO NOT EDIT THIS FILE DIRECTLY.
# yarn lockfile v1


"@mdi/js@^3.5.95":
  version "3.5.95"
  resolved "https://registry.yarnpkg.com/@mdi/js/-/js-3.5.95.tgz#0aafcb9db89a128bb152ade440839f738561d5ac"
  integrity sha512-CEUeJAHhI7eDDZbcQUZcYFuCB4sEuxm1B5IxxvVVeZEGbnnDMCqS8V8K3peXfc4OUd2HNIOikKsmjBYnX3iaZg==
